
Microsoft Visual Studio Solution File, Format Version 12.00
# Visual Studio Version 17
VisualStudioVersion = 17.8.34511.84
MinimumVisualStudioVersion = 10.0.40219.1
Project("{9A19103F-16F7-4668-BE54-9A1E7A4F7556}") = "SampleIOT.API", "SampleIOT.API\SampleIOT.API.csproj", "{48B93D43-860E-4807-8DD5-A5A6E7EA0F29}"
EndProject
Project("{FAE04EC0-301F-11D3-BF4B-00C04F79EFBC}") = "GrpcService", "GrpcService\GrpcService.csproj", "{97F9723B-23A7-4C5E-950A-D7BD283EC442}"
EndProject
Global
	GlobalSection(SolutionConfigurationPlatforms) = preSolution
		Debug|Any CPU = Debug|Any CPU
		Release|Any CPU = Release|Any CPU
	EndGlobalSection
	GlobalSection(ProjectConfigurationPlatforms) = postSolution
		{48B93D43-860E-4807-8DD5-A5A6E7EA0F29}.Debug|Any CPU.ActiveCfg = Debug|Any CPU
		{48B93D43-860E-4807-8DD5-A5A6E7EA0F29}.Debug|Any CPU.Build.0 = Debug|Any CPU
		{48B93D43-860E-4807-8DD5-A5A6E7EA0F29}.Release|Any CPU.ActiveCfg = Release|Any CPU
		{48B93D43-860E-4807-8DD5-A5A6E7EA0F29}.Release|Any CPU.Build.0 = Release|Any CPU
		{97F9723B-23A7-4C5E-950A-D7BD283EC442}.Debug|Any CPU.ActiveCfg = Debug|Any CPU
		{97F9723B-23A7-4C5E-950A-D7BD283EC442}.Debug|Any CPU.Build.0 = Debug|Any CPU
		{97F9723B-23A7-4C5E-950A-D7BD283EC442}.Release|Any CPU.ActiveCfg = Release|Any CPU
		{97F9723B-23A7-4C5E-950A-D7BD283EC442}.Release|Any CPU.Build.0 = Release|Any CPU
	EndGlobalSection
	GlobalSection(SolutionProperties) = preSolution
		HideSolutionNode = FALSE
	EndGlobalSection
	GlobalSection(ExtensibilityGlobals) = postSolution
		SolutionGuid = {510E4944-8CF0-4188-8757-BA4B60A8E840}
	EndGlobalSection
EndGlobal
